// !$*UTF8*$!
{
	archiveVersion = 1;
	classes = {
	};
	objectVersion = 46;
	objects = {

/* Begin PBXBuildFile section */
		BCB693021CBBE29000A59B63 /* AppDelegate.swift in Sources */ = {isa = PBXBuildFile; fileRef = BCB693011CBBE29000A59B63 /* AppDelegate.swift */; };
		BCB693071CBBE29000A59B63 /* Main.storyboard in Resources */ = {isa = PBXBuildFile; fileRef = BCB693051CBBE29000A59B63 /* Main.storyboard */; };
		BCB693091CBBE29000A59B63 /* Assets.xcassets in Resources */ = {isa = PBXBuildFile; fileRef = BCB693081CBBE29000A59B63 /* Assets.xcassets */; };
		BCB6930C1CBBE29000A59B63 /* LaunchScreen.storyboard in Resources */ = {isa = PBXBuildFile; fileRef = BCB6930A1CBBE29000A59B63 /* LaunchScreen.storyboard */; };
		BCB693141CBBE54600A59B63 /* ItemsViewController.swift in Sources */ = {isa = PBXBuildFile; fileRef = BCB693131CBBE54600A59B63 /* ItemsViewController.swift */; };
		BCB693161CBBE8B200A59B63 /* Item.swift in Sources */ = {isa = PBXBuildFile; fileRef = BCB693151CBBE8B200A59B63 /* Item.swift */; };
		BCB693181CBC0DF100A59B63 /* ItemStore.swift in Sources */ = {isa = PBXBuildFile; fileRef = BCB693171CBC0DF100A59B63 /* ItemStore.swift */; };
/* End PBXBuildFile section */

/* Begin PBXFileReference section */
		BCB692FE1CBBE29000A59B63 /* Homepwner.app */ = {isa = PBXFileReference; explicitFileType = wrapper.application; includeInIndex = 0; path = Homepwner.app; sourceTree = BUILT_PRODUCTS_DIR; };
		BCB693011CBBE29000A59B63 /* AppDelegate.swift */ = {isa = PBXFileReference; lastKnownFileType = sourcecode.swift; path = AppDelegate.swift; sourceTree = "<group>"; };
		BCB693061CBBE29000A59B63 /* Base */ = {isa = PBXFileReference; lastKnownFileType = file.storyboard; name = Base; path = Base.lproj/Main.storyboard; sourceTree = "<group>"; };
		BCB693081CBBE29000A59B63 /* Assets.xcassets */ = {isa = PBXFileReference; lastKnownFileType = folder.assetcatalog; path = Assets.xcassets; sourceTree = "<group>"; };
		BCB6930B1CBBE29000A59B63 /* Base */ = {isa = PBXFileReference; lastKnownFileType = file.storyboard; name = Base; path = Base.lproj/LaunchScreen.storyboard; sourceTree = "<group>"; };
		BCB6930D1CBBE29000A59B63 /* Info.plist */ = {isa = PBXFileReference; lastKnownFileType = text.plist.xml; path = Info.plist; sourceTree = "<group>"; };
		BCB693131CBBE54600A59B63 /* ItemsViewController.swift */ = {isa = PBXFileReference; fileEncoding = 4; lastKnownFileType = sourcecode.swift; path = ItemsViewController.swift; sourceTree = "<group>"; };
		BCB693151CBBE8B200A59B63 /* Item.swift */ = {isa = PBXFileReference; fileEncoding = 4; lastKnownFileType = sourcecode.swift; path = Item.swift; sourceTree = "<group>"; };
		BCB693171CBC0DF100A59B63 /* ItemStore.swift */ = {isa = PBXFileReference; fileEncoding = 4; lastKnownFileType = sourcecode.swift; path = ItemStore.swift; sourceTree = "<group>"; };
/* End PBXFileReference section */

/* Begin PBXFrameworksBuildPhase section */
		BCB692FB1CBBE29000A59B63 /* Frameworks */ = {
			isa = PBXFrameworksBuildPhase;
			buildActionMask = 2147483647;
			files = (
			);
			runOnlyForDeploymentPostprocessing = 0;
		};
/* End PBXFrameworksBuildPhase section */

/* Begin PBXGroup section */
		BCB692F51CBBE29000A59B63 = {
			isa = PBXGroup;
			children = (
				BCB693001CBBE29000A59B63 /* Homepwner */,
				BCB692FF1CBBE29000A59B63 /* Products */,
			);
			sourceTree = "<group>";
		};
		BCB692FF1CBBE29000A59B63 /* Products */ = {
			isa = PBXGroup;
			children = (
				BCB692FE1CBBE29000A59B63 /* Homepwner.app */,
			);
			name = Products;
			sourceTree = "<group>";
		};
		BCB693001CBBE29000A59B63 /* Homepwner */ = {
			isa = PBXGroup;
			children = (
				BCB693011CBBE29000A59B63 /* AppDelegate.swift */,
				BCB693131CBBE54600A59B63 /* ItemsViewController.swift */,
				BCB693151CBBE8B200A59B63 /* Item.swift */,
				BCB693171CBC0DF100A59B63 /* ItemStore.swift */,
				BCB693051CBBE29000A59B63 /* Main.storyboard */,
				BCB693081CBBE29000A59B63 /* Assets.xcassets */,
				BCB6930A1CBBE29000A59B63 /* LaunchScreen.storyboard */,
				BCB6930D1CBBE29000A59B63 /* Info.plist */,
			);
			path = Homepwner;
			sourceTree = "<group>";
		};
/* End PBXGroup section */

/* Begin PBXNativeTarget section */
		BCB692FD1CBBE29000A59B63 /* Homepwner */ = {
			isa = PBXNativeTarget;
			buildConfigurationList = BCB693101CBBE29000A59B63 /* Build configuration list for PBXNativeTarget "Homepwner" */;
			buildPhases = (
				BCB692FA1CBBE29000A59B63 /* Sources */,
				BCB692FB1CBBE29000A59B63 /* Frameworks */,
				BCB692FC1CBBE29000A59B63 /* Resources */,
			);
			buildRules = (
			);
			dependencies = (
			);
			name = Homepwner;
			productName = Homepwner;
			productReference = BCB692FE1CBBE29000A59B63 /* Homepwner.app */;
			productType = "com.apple.product-type.application";
		};
/* End PBXNativeTarget section */

/* Begin PBXProject section */
		BCB692F61CBBE29000A59B63 /* Project object */ = {
			isa = PBXProject;
			attributes = {
				LastSwiftUpdateCheck = 0730;
				LastUpgradeCheck = 0730;
				ORGANIZATIONNAME = "Ewerton Madruga";
				TargetAttributes = {
					BCB692FD1CBBE29000A59B63 = {
						CreatedOnToolsVersion = 7.3;
					};
				};
			};
			buildConfigurationList = BCB692F91CBBE29000A59B63 /* Build configuration list for PBXProject "Homepwner" */;
			compatibilityVersion = "Xcode 3.2";
			developmentRegion = English;
			hasScannedForEncodings = 0;
			knownRegions = (
				en,
				Base,
			);
			mainGroup = BCB692F51CBBE29000A59B63;
			productRefGroup = BCB692FF1CBBE29000A59B63 /* Products */;
			projectDirPath = "";
			projectRoot = "";
			targets = (
				BCB692FD1CBBE29000A59B63 /* Homepwner */,
			);
		};
/* End PBXProject section */

/* Begin PBXResourcesBuildPhase section */
		BCB692FC1CBBE29000A59B63 /* Resources */ = {
			isa = PBXResourcesBuildPhase;
			buildActionMask = 2147483647;
			files = (
				BCB6930C1CBBE29000A59B63 /* LaunchScreen.storyboard in Resources */,
				BCB693091CBBE29000A59B63 /* Assets.xcassets in Resources */,
				BCB693071CBBE29000A59B63 /* Main.storyboard in Resources */,
			);
			runOnlyForDeploymentPostprocessing = 0;
		};
/* End PBXResourcesBuildPhase section */

/* Begin PBXSourcesBuildPhase section */
		BCB692FA1CBBE29000A59B63 /* Sources */ = {
			isa = PBXSourcesBuildPhase;
			buildActionMask = 2147483647;
			files = (
				BCB693141CBBE54600A59B63 /* ItemsViewController.swift in Sources */,
				BCB693161CBBE8B200A59B63 /* Item.swift in Sources */,
				BCB693181CBC0DF100A59B63 /* ItemStore.swift in Sources */,
				BCB693021CBBE29000A59B63 /* AppDelegate.swift in Sources */,
			);
			runOnlyForDeploymentPostprocessing = 0;
		};
/* End PBXSourcesBuildPhase section */

/* Begin PBXVariantGroup section */
		BCB693051CBBE29000A59B63 /* Main.storyboard */ = {
			isa = PBXVariantGroup;
			children = (
				BCB693061CBBE29000A59B63 /* Base */,
			);
			name = Main.storyboard;
			sourceTree = "<group>";
		};
		BCB6930A1CBBE29000A59B63 /* LaunchScreen.storyboard */ = {
			isa = PBXVariantGroup;
			children = (
				BCB6930B1CBBE29000A59B63 /* Base */,
			);
			name = LaunchScreen.storyboard;
			sourceTree = "<group>";
		};
/* End PBXVariantGroup section */

/* Begin XCBuildConfiguration section */
		BCB6930E1CBBE29000A59B63 /* Debug */ = {
			isa = XCBuildConfiguration;
			buildSettings = {
				ALWAYS_SEARCH_USER_PATHS = NO;
				CLANG_ANALYZER_NONNULL = YES;
				CLANG_CXX_LANGUAGE_STANDARD = "gnu++0x";
				CLANG_CXX_LIBRARY = "libc++";
				CLANG_ENABLE_MODULES = YES;
				CLANG_ENABLE_OBJC_ARC = YES;
				CLANG_WARN_BOOL_CONVERSION = YES;
				CLANG_WARN_CONSTANT_CONVERSION = YES;
				CLANG_WARN_DIRECT_OBJC_ISA_USAGE = YES_ERROR;
				CLANG_WARN_EMPTY_BODY = YES;
				CLANG_WARN_ENUM_CONVERSION = YES;
				CLANG_WARN_INT_CONVERSION = YES;
				CLANG_WARN_OBJC_ROOT_CLASS = YES_ERROR;
				CLANG_WARN_UNREACHABLE_CODE = YES;
				CLANG_WARN__DUPLICATE_METHOD_MATCH = YES;
				"CODE_SIGN_IDENTITY[sdk=iphoneos*]" = "iPhone Developer";
				COPY_PHASE_STRIP = NO;
				DEBUG_INFORMATION_FORMAT = dwarf;
				ENABLE_STRICT_OBJC_MSGSEND = YES;
				ENABLE_TESTABILITY = YES;
				GCC_C_LANGUAGE_STANDARD = gnu99;
				GCC_DYNAMIC_NO_PIC = NO;
				GCC_NO_COMMON_BLOCKS = YES;
				GCC_OPTIMIZATION_LEVEL = 0;
				GCC_PREPROCESSOR_DEFINITIONS = (
					"DEBUG=1",
					"$(inherited)",
				);
				GCC_WARN_64_TO_32_BIT_CONVERSION = YES;
				GCC_WARN_ABOUT_RETURN_TYPE = YES_ERROR;
				GCC_WARN_UNDECLARED_SELECTOR = YES;
				GCC_WARN_UNINITIALIZED_AUTOS = YES_AGGRESSIVE;
				GCC_WARN_UNUSED_FUNCTION = YES;
				GCC_WARN_UNUSED_VARIABLE = YES;
				IPHONEOS_DEPLOYMENT_TARGET = 9.3;
				MTL_ENABLE_DEBUG_INFO = YES;
				ONLY_ACTIVE_ARCH = YES;
				SDKROOT = iphoneos;
				SWIFT_OPTIMIZATION_LEVEL = "-Onone";
			};
			name = Debug;
		};
		BCB6930F1CBBE29000A59B63 /* Release */ = {
			isa = XCBuildConfiguration;
			buildSettings = {
				ALWAYS_SEARCH_USER_PATHS = NO;
				CLANG_ANALYZER_NONNULL = YES;
				CLANG_CXX_LANGUAGE_STANDARD = "gnu++0x";
				CLANG_CXX_LIBRARY = "libc++";
				CLANG_ENABLE_MODULES = YES;
				CLANG_ENABLE_OBJC_ARC = YES;
				CLANG_WARN_BOOL_CONVERSION = YES;
				CLANG_WARN_CONSTANT_CONVERSION = YES;
				CLANG_WARN_DIRECT_OBJC_ISA_USAGE = YES_ERROR;
				CLANG_WARN_EMPTY_BODY = YES;
				CLANG_WARN_ENUM_CONVERSION = YES;
				CLANG_WARN_INT_CONVERSION = YES;
				CLANG_WARN_OBJC_ROOT_CLASS = YES_ERROR;
				CLANG_WARN_UNREACHABLE_CODE = YES;
				CLANG_WARN__DUPLICATE_METHOD_MATCH = YES;
				"CODE_SIGN_IDENTITY[sdk=iphoneos*]" = "iPhone Developer";
				COPY_PHASE_STRIP = NO;
				DEBUG_INFORMATION_FORMAT = "dwarf-with-dsym";
				ENABLE_NS_ASSERTIONS = NO;
				ENABLE_STRICT_OBJC_MSGSEND = YES;
				GCC_C_LANGUAGE_STANDARD = gnu99;
				GCC_NO_COMMON_BLOCKS = YES;
				GCC_WARN_64_TO_32_BIT_CONVERSION = YES;
				GCC_WARN_ABOUT_RETURN_TYPE = YES_ERROR;
				GCC_WARN_UNDECLARED_SELECTOR = YES;
				GCC_WARN_UNINITIALIZED_AUTOS = YES_AGGRESSIVE;
				GCC_WARN_UNUSED_FUNCTION = YES;
				GCC_WARN_UNUSED_VARIABLE = YES;
				IPHONEOS_DEPLOYMENT_TARGET = 9.3;
				MTL_ENABLE_DEBUG_INFO = NO;
				SDKROOT = iphoneos;
				VALIDATE_PRODUCT = YES;
			};
			name = Release;
		};
		BCB693111CBBE29000A59B63 /* Debug */ = {
			isa = XCBuildConfiguration;
			buildSettings = {
				ASSETCATALOG_COMPILER_APPICON_NAME = AppIcon;
				INFOPLIST_FILE = Homepwner/Info.plist;
				LD_RUNPATH_SEARCH_PATHS = "$(inherited) @executable_path/Frameworks";
				PRODUCT_BUNDLE_IDENTIFIER = br.com.ewd.Homepwner;
				PRODUCT_NAME = "$(TARGET_NAME)";
			};
			name = Debug;
		};
		BCB693121CBBE29000A59B63 /* Release */ = {
			isa = XCBuildConfiguration;
			buildSettings = {
				ASSETCATALOG_COMPILER_APPICON_NAME = AppIcon;
				INFOPLIST_FILE = Homepwner/Info.plist;
				LD_RUNPATH_SEARCH_PATHS = "$(inherited) @executable_path/Frameworks";
				PRODUCT_BUNDLE_IDENTIFIER = br.com.ewd.Homepwner;
				PRODUCT_NAME = "$(TARGET_NAME)";
			};
			name = Release;
		};
/* End XCBuildConfiguration section */

/* Begin XCConfigurationList section */
		BCB692F91CBBE29000A59B63 /* Build configuration list for PBXProject "Homepwner" */ = {
			isa = XCConfigurationList;
			buildConfigurations = (
				BCB6930E1CBBE29000A59B63 /* Debug */,
				BCB6930F1CBBE29000A59B63 /* Release */,
			);
			defaultConfigurationIsVisible = 0;
			defaultConfigurationName = Release;
		};
		BCB693101CBBE29000A59B63 /* Build configuration list for PBXNativeTarget "Homepwner" */ = {
			isa = XCConfigurationList;
			buildConfigurations = (
				BCB693111CBBE29000A59B63 /* Debug */,
				BCB693121CBBE29000A59B63 /* Release */,
			);
			defaultConfigurationIsVisible = 0;
		};
/* End XCConfigurationList section */
	};
	rootObject = BCB692F61CBBE29000A59B63 /* Project object */;
}
